
Microsoft Visual Studio Solution File, Format Version 12.00
# Visual Studio 15
VisualStudioVersion = 15.0.27130.2024
MinimumVisualStudioVersion = 10.0.40219.1
Project("{FAE04EC0-301F-11D3-BF4B-00C04F79EFBC}") = "Pizza Party Calculator", "Pizza Party Calculator\Pizza Party Calculator.csproj", "{7FBD1D23-9A9F-4790-9658-30898AA5ABC2}"
EndProject
Global
	GlobalSection(SolutionConfigurationPlatforms) = preSolution
		Debug|Any CPU = Debug|Any CPU
		Release|Any CPU = Release|Any CPU
	EndGlobalSection
	GlobalSection(ProjectConfigurationPlatforms) = postSolution
		{7FBD1D23-9A9F-4790-9658-30898AA5ABC2}.Debug|Any CPU.ActiveCfg = Debug|Any CPU
		{7FBD1D23-9A9F-4790-9658-30898AA5ABC2}.Debug|Any CPU.Build.0 = Debug|Any CPU
		{7FBD1D23-9A9F-4790-9658-30898AA5ABC2}.Release|Any CPU.ActiveCfg = Release|Any CPU
		{7FBD1D23-9A9F-4790-9658-30898AA5ABC2}.Release|Any CPU.Build.0 = Release|Any CPU
	EndGlobalSection
	GlobalSection(SolutionProperties) = preSolution
		HideSolutionNode = FALSE
	EndGlobalSection
	GlobalSection(ExtensibilityGlobals) = postSolution
		SolutionGuid = {0F804017-B567-4C9B-9AAB-B8D4991FF899}
	EndGlobalSection
EndGlobal
